// !$*UTF8*$!
{
	archiveVersion = 1;
	classes = {
	};
	objectVersion = 50;
	objects = {

/* Begin PBXBuildFile section */
		4D95A0AB22812419005CBB33 /* AppDelegate.swift in Sources */ = {isa = PBXBuildFile; fileRef = 4D95A0AA22812419005CBB33 /* AppDelegate.swift */; };
		4D95A0AD22812419005CBB33 /* ViewController.swift in Sources */ = {isa = PBXBuildFile; fileRef = 4D95A0AC22812419005CBB33 /* ViewController.swift */; };
		4D95A0B022812419005CBB33 /* Main.storyboard in Resources */ = {isa = PBXBuildFile; fileRef = 4D95A0AE22812419005CBB33 /* Main.storyboard */; };
		4D95A0B322812419005CBB33 /* QuickAR.xcdatamodeld in Sources */ = {isa = PBXBuildFile; fileRef = 4D95A0B122812419005CBB33 /* QuickAR.xcdatamodeld */; };
		4D95A0B52281241B005CBB33 /* Assets.xcassets in Resources */ = {isa = PBXBuildFile; fileRef = 4D95A0B42281241B005CBB33 /* Assets.xcassets */; };
		4D95A0B82281241B005CBB33 /* LaunchScreen.storyboard in Resources */ = {isa = PBXBuildFile; fileRef = 4D95A0B62281241B005CBB33 /* LaunchScreen.storyboard */; };
		4D95A0C422812AE7005CBB33 /* redchair.usdz in Resources */ = {isa = PBXBuildFile; fileRef = 4D95A0C022812AE6005CBB33 /* redchair.usdz */; };
		4D95A0C522812AE7005CBB33 /* retrotv.usdz in Resources */ = {isa = PBXBuildFile; fileRef = 4D95A0C122812AE6005CBB33 /* retrotv.usdz */; };
		4D95A0C622812AE7005CBB33 /* cupandsaucer.usdz in Resources */ = {isa = PBXBuildFile; fileRef = 4D95A0C222812AE6005CBB33 /* cupandsaucer.usdz */; };
		4D95A0C722812AE7005CBB33 /* tulip.usdz in Resources */ = {isa = PBXBuildFile; fileRef = 4D95A0C322812AE7005CBB33 /* tulip.usdz */; };
		4D95A0CA22812BA5005CBB33 /* ModelCell.swift in Sources */ = {isa = PBXBuildFile; fileRef = 4D95A0C822812BA5005CBB33 /* ModelCell.swift */; };
		4D95A0CB22812BA5005CBB33 /* ModelCell.xib in Resources */ = {isa = PBXBuildFile; fileRef = 4D95A0C922812BA5005CBB33 /* ModelCell.xib */; };
/* End PBXBuildFile section */

/* Begin PBXFileReference section */
		4D95A0A722812419005CBB33 /* QuickAR.app */ = {isa = PBXFileReference; explicitFileType = wrapper.application; includeInIndex = 0; path = QuickAR.app; sourceTree = BUILT_PRODUCTS_DIR; };
		4D95A0AA22812419005CBB33 /* AppDelegate.swift */ = {isa = PBXFileReference; lastKnownFileType = sourcecode.swift; path = AppDelegate.swift; sourceTree = "<group>"; };
		4D95A0AC22812419005CBB33 /* ViewController.swift */ = {isa = PBXFileReference; lastKnownFileType = sourcecode.swift; path = ViewController.swift; sourceTree = "<group>"; };
		4D95A0AF22812419005CBB33 /* Base */ = {isa = PBXFileReference; lastKnownFileType = file.storyboard; name = Base; path = Base.lproj/Main.storyboard; sourceTree = "<group>"; };
		4D95A0B222812419005CBB33 /* QuickAR.xcdatamodel */ = {isa = PBXFileReference; lastKnownFileType = wrapper.xcdatamodel; path = QuickAR.xcdatamodel; sourceTree = "<group>"; };
		4D95A0B42281241B005CBB33 /* Assets.xcassets */ = {isa = PBXFileReference; lastKnownFileType = folder.assetcatalog; path = Assets.xcassets; sourceTree = "<group>"; };
		4D95A0B72281241B005CBB33 /* Base */ = {isa = PBXFileReference; lastKnownFileType = file.storyboard; name = Base; path = Base.lproj/LaunchScreen.storyboard; sourceTree = "<group>"; };
		4D95A0B92281241B005CBB33 /* Info.plist */ = {isa = PBXFileReference; lastKnownFileType = text.plist.xml; path = Info.plist; sourceTree = "<group>"; };
		4D95A0C022812AE6005CBB33 /* redchair.usdz */ = {isa = PBXFileReference; lastKnownFileType = file; path = redchair.usdz; sourceTree = "<group>"; };
		4D95A0C122812AE6005CBB33 /* retrotv.usdz */ = {isa = PBXFileReference; lastKnownFileType = file; path = retrotv.usdz; sourceTree = "<group>"; };
		4D95A0C222812AE6005CBB33 /* cupandsaucer.usdz */ = {isa = PBXFileReference; lastKnownFileType = file; path = cupandsaucer.usdz; sourceTree = "<group>"; };
		4D95A0C322812AE7005CBB33 /* tulip.usdz */ = {isa = PBXFileReference; lastKnownFileType = file; path = tulip.usdz; sourceTree = "<group>"; };
		4D95A0C822812BA5005CBB33 /* ModelCell.swift */ = {isa = PBXFileReference; lastKnownFileType = sourcecode.swift; path = ModelCell.swift; sourceTree = "<group>"; };
		4D95A0C922812BA5005CBB33 /* ModelCell.xib */ = {isa = PBXFileReference; lastKnownFileType = file.xib; path = ModelCell.xib; sourceTree = "<group>"; };
/* End PBXFileReference section */

/* Begin PBXFrameworksBuildPhase section */
		4D95A0A422812419005CBB33 /* Frameworks */ = {
			isa = PBXFrameworksBuildPhase;
			buildActionMask = 2147483647;
			files = (
			);
			runOnlyForDeploymentPostprocessing = 0;
		};
/* End PBXFrameworksBuildPhase section */

/* Begin PBXGroup section */
		4D95A09E22812419005CBB33 = {
			isa = PBXGroup;
			children = (
				4D95A0A922812419005CBB33 /* QuickAR */,
				4D95A0A822812419005CBB33 /* Products */,
			);
			sourceTree = "<group>";
		};
		4D95A0A822812419005CBB33 /* Products */ = {
			isa = PBXGroup;
			children = (
				4D95A0A722812419005CBB33 /* QuickAR.app */,
			);
			name = Products;
			sourceTree = "<group>";
		};
		4D95A0A922812419005CBB33 /* QuickAR */ = {
			isa = PBXGroup;
			children = (
				4D95A0BF228126B1005CBB33 /* Model */,
				4D95A0AA22812419005CBB33 /* AppDelegate.swift */,
				4D95A0AC22812419005CBB33 /* ViewController.swift */,
				4D95A0C822812BA5005CBB33 /* ModelCell.swift */,
				4D95A0C922812BA5005CBB33 /* ModelCell.xib */,
				4D95A0AE22812419005CBB33 /* Main.storyboard */,
				4D95A0B62281241B005CBB33 /* LaunchScreen.storyboard */,
				4D95A0B42281241B005CBB33 /* Assets.xcassets */,
				4D95A0B92281241B005CBB33 /* Info.plist */,
				4D95A0B122812419005CBB33 /* QuickAR.xcdatamodeld */,
			);
			path = QuickAR;
			sourceTree = "<group>";
		};
		4D95A0BF228126B1005CBB33 /* Model */ = {
			isa = PBXGroup;
			children = (
				4D95A0C222812AE6005CBB33 /* cupandsaucer.usdz */,
				4D95A0C022812AE6005CBB33 /* redchair.usdz */,
				4D95A0C122812AE6005CBB33 /* retrotv.usdz */,
				4D95A0C322812AE7005CBB33 /* tulip.usdz */,
			);
			path = Model;
			sourceTree = "<group>";
		};
/* End PBXGroup section */

/* Begin PBXNativeTarget section */
		4D95A0A622812419005CBB33 /* QuickAR */ = {
			isa = PBXNativeTarget;
			buildConfigurationList = 4D95A0BC2281241B005CBB33 /* Build configuration list for PBXNativeTarget "QuickAR" */;
			buildPhases = (
				4D95A0A322812419005CBB33 /* Sources */,
				4D95A0A422812419005CBB33 /* Frameworks */,
				4D95A0A522812419005CBB33 /* Resources */,
			);
			buildRules = (
			);
			dependencies = (
			);
			name = QuickAR;
			productName = QuickAR;
			productReference = 4D95A0A722812419005CBB33 /* QuickAR.app */;
			productType = "com.apple.product-type.application";
		};
/* End PBXNativeTarget section */

/* Begin PBXProject section */
		4D95A09F22812419005CBB33 /* Project object */ = {
			isa = PBXProject;
			attributes = {
				LastSwiftUpdateCheck = 1020;
				LastUpgradeCheck = 1020;
				ORGANIZATIONNAME = laohanme;
				TargetAttributes = {
					4D95A0A622812419005CBB33 = {
						CreatedOnToolsVersion = 10.2.1;
					};
				};
			};
			buildConfigurationList = 4D95A0A222812419005CBB33 /* Build configuration list for PBXProject "QuickAR" */;
			compatibilityVersion = "Xcode 9.3";
			developmentRegion = en;
			hasScannedForEncodings = 0;
			knownRegions = (
				en,
				Base,
			);
			mainGroup = 4D95A09E22812419005CBB33;
			productRefGroup = 4D95A0A822812419005CBB33 /* Products */;
			projectDirPath = "";
			projectRoot = "";
			targets = (
				4D95A0A622812419005CBB33 /* QuickAR */,
			);
		};
/* End PBXProject section */

/* Begin PBXResourcesBuildPhase section */
		4D95A0A522812419005CBB33 /* Resources */ = {
			isa = PBXResourcesBuildPhase;
			buildActionMask = 2147483647;
			files = (
				4D95A0B82281241B005CBB33 /* LaunchScreen.storyboard in Resources */,
				4D95A0C622812AE7005CBB33 /* cupandsaucer.usdz in Resources */,
				4D95A0C522812AE7005CBB33 /* retrotv.usdz in Resources */,
				4D95A0B52281241B005CBB33 /* Assets.xcassets in Resources */,
				4D95A0C722812AE7005CBB33 /* tulip.usdz in Resources */,
				4D95A0B022812419005CBB33 /* Main.storyboard in Resources */,
				4D95A0C422812AE7005CBB33 /* redchair.usdz in Resources */,
				4D95A0CB22812BA5005CBB33 /* ModelCell.xib in Resources */,
			);
			runOnlyForDeploymentPostprocessing = 0;
		};
/* End PBXResourcesBuildPhase section */

/* Begin PBXSourcesBuildPhase section */
		4D95A0A322812419005CBB33 /* Sources */ = {
			isa = PBXSourcesBuildPhase;
			buildActionMask = 2147483647;
			files = (
				4D95A0AD22812419005CBB33 /* ViewController.swift in Sources */,
				4D95A0AB22812419005CBB33 /* AppDelegate.swift in Sources */,
				4D95A0B322812419005CBB33 /* QuickAR.xcdatamodeld in Sources */,
				4D95A0CA22812BA5005CBB33 /* ModelCell.swift in Sources */,
			);
			runOnlyForDeploymentPostprocessing = 0;
		};
/* End PBXSourcesBuildPhase section */

/* Begin PBXVariantGroup section */
		4D95A0AE22812419005CBB33 /* Main.storyboard */ = {
			isa = PBXVariantGroup;
			children = (
				4D95A0AF22812419005CBB33 /* Base */,
			);
			name = Main.storyboard;
			sourceTree = "<group>";
		};
		4D95A0B62281241B005CBB33 /* LaunchScreen.storyboard */ = {
			isa = PBXVariantGroup;
			children = (
				4D95A0B72281241B005CBB33 /* Base */,
			);
			name = LaunchScreen.storyboard;
			sourceTree = "<group>";
		};
/* End PBXVariantGroup section */

/* Begin XCBuildConfiguration section */
		4D95A0BA2281241B005CBB33 /* Debug */ = {
			isa = XCBuildConfiguration;
			buildSettings = {
				ALWAYS_SEARCH_USER_PATHS = NO;
				CLANG_ANALYZER_NONNULL = YES;
				CLANG_ANALYZER_NUMBER_OBJECT_CONVERSION = YES_AGGRESSIVE;
				CLANG_CXX_LANGUAGE_STANDARD = "gnu++14";
				CLANG_CXX_LIBRARY = "libc++";
				CLANG_ENABLE_MODULES = YES;
				CLANG_ENABLE_OBJC_ARC = YES;
				CLANG_ENABLE_OBJC_WEAK = YES;
				CLANG_WARN_BLOCK_CAPTURE_AUTORELEASING = YES;
				CLANG_WARN_BOOL_CONVERSION = YES;
				CLANG_WARN_COMMA = YES;
				CLANG_WARN_CONSTANT_CONVERSION = YES;
				CLANG_WARN_DEPRECATED_OBJC_IMPLEMENTATIONS = YES;
				CLANG_WARN_DIRECT_OBJC_ISA_USAGE = YES_ERROR;
				CLANG_WARN_DOCUMENTATION_COMMENTS = YES;
				CLANG_WARN_EMPTY_BODY = YES;
				CLANG_WARN_ENUM_CONVERSION = YES;
				CLANG_WARN_INFINITE_RECURSION = YES;
				CLANG_WARN_INT_CONVERSION = YES;
				CLANG_WARN_NON_LITERAL_NULL_CONVERSION = YES;
				CLANG_WARN_OBJC_IMPLICIT_RETAIN_SELF = YES;
				CLANG_WARN_OBJC_LITERAL_CONVERSION = YES;
				CLANG_WARN_OBJC_ROOT_CLASS = YES_ERROR;
				CLANG_WARN_RANGE_LOOP_ANALYSIS = YES;
				CLANG_WARN_STRICT_PROTOTYPES = YES;
				CLANG_WARN_SUSPICIOUS_MOVE = YES;
				CLANG_WARN_UNGUARDED_AVAILABILITY = YES_AGGRESSIVE;
				CLANG_WARN_UNREACHABLE_CODE = YES;
				CLANG_WARN__DUPLICATE_METHOD_MATCH = YES;
				CODE_SIGN_IDENTITY = "iPhone Developer";
				COPY_PHASE_STRIP = NO;
				DEBUG_INFORMATION_FORMAT = dwarf;
				ENABLE_STRICT_OBJC_MSGSEND = YES;
				ENABLE_TESTABILITY = YES;
				GCC_C_LANGUAGE_STANDARD = gnu11;
				GCC_DYNAMIC_NO_PIC = NO;
				GCC_NO_COMMON_BLOCKS = YES;
				GCC_OPTIMIZATION_LEVEL = 0;
				GCC_PREPROCESSOR_DEFINITIONS = (
					"DEBUG=1",
					"$(inherited)",
				);
				GCC_WARN_64_TO_32_BIT_CONVERSION = YES;
				GCC_WARN_ABOUT_RETURN_TYPE = YES_ERROR;
				GCC_WARN_UNDECLARED_SELECTOR = YES;
				GCC_WARN_UNINITIALIZED_AUTOS = YES_AGGRESSIVE;
				GCC_WARN_UNUSED_FUNCTION = YES;
				GCC_WARN_UNUSED_VARIABLE = YES;
				IPHONEOS_DEPLOYMENT_TARGET = 12.2;
				MTL_ENABLE_DEBUG_INFO = INCLUDE_SOURCE;
				MTL_FAST_MATH = YES;
				ONLY_ACTIVE_ARCH = YES;
				SDKROOT = iphoneos;
				SWIFT_ACTIVE_COMPILATION_CONDITIONS = DEBUG;
				SWIFT_OPTIMIZATION_LEVEL = "-Onone";
			};
			name = Debug;
		};
		4D95A0BB2281241B005CBB33 /* Release */ = {
			isa = XCBuildConfiguration;
			buildSettings = {
				ALWAYS_SEARCH_USER_PATHS = NO;
				CLANG_ANALYZER_NONNULL = YES;
				CLANG_ANALYZER_NUMBER_OBJECT_CONVERSION = YES_AGGRESSIVE;
				CLANG_CXX_LANGUAGE_STANDARD = "gnu++14";
				CLANG_CXX_LIBRARY = "libc++";
				CLANG_ENABLE_MODULES = YES;
				CLANG_ENABLE_OBJC_ARC = YES;
				CLANG_ENABLE_OBJC_WEAK = YES;
				CLANG_WARN_BLOCK_CAPTURE_AUTORELEASING = YES;
				CLANG_WARN_BOOL_CONVERSION = YES;
				CLANG_WARN_COMMA = YES;
				CLANG_WARN_CONSTANT_CONVERSION = YES;
				CLANG_WARN_DEPRECATED_OBJC_IMPLEMENTATIONS = YES;
				CLANG_WARN_DIRECT_OBJC_ISA_USAGE = YES_ERROR;
				CLANG_WARN_DOCUMENTATION_COMMENTS = YES;
				CLANG_WARN_EMPTY_BODY = YES;
				CLANG_WARN_ENUM_CONVERSION = YES;
				CLANG_WARN_INFINITE_RECURSION = YES;
				CLANG_WARN_INT_CONVERSION = YES;
				CLANG_WARN_NON_LITERAL_NULL_CONVERSION = YES;
				CLANG_WARN_OBJC_IMPLICIT_RETAIN_SELF = YES;
				CLANG_WARN_OBJC_LITERAL_CONVERSION = YES;
				CLANG_WARN_OBJC_ROOT_CLASS = YES_ERROR;
				CLANG_WARN_RANGE_LOOP_ANALYSIS = YES;
				CLANG_WARN_STRICT_PROTOTYPES = YES;
				CLANG_WARN_SUSPICIOUS_MOVE = YES;
				CLANG_WARN_UNGUARDED_AVAILABILITY = YES_AGGRESSIVE;
				CLANG_WARN_UNREACHABLE_CODE = YES;
				CLANG_WARN__DUPLICATE_METHOD_MATCH = YES;
				CODE_SIGN_IDENTITY = "iPhone Developer";
				COPY_PHASE_STRIP = NO;
				DEBUG_INFORMATION_FORMAT = "dwarf-with-dsym";
				ENABLE_NS_ASSERTIONS = NO;
				ENABLE_STRICT_OBJC_MSGSEND = YES;
				GCC_C_LANGUAGE_STANDARD = gnu11;
				GCC_NO_COMMON_BLOCKS = YES;
				GCC_WARN_64_TO_32_BIT_CONVERSION = YES;
				GCC_WARN_ABOUT_RETURN_TYPE = YES_ERROR;
				GCC_WARN_UNDECLARED_SELECTOR = YES;
				GCC_WARN_UNINITIALIZED_AUTOS = YES_AGGRESSIVE;
				GCC_WARN_UNUSED_FUNCTION = YES;
				GCC_WARN_UNUSED_VARIABLE = YES;
				IPHONEOS_DEPLOYMENT_TARGET = 12.2;
				MTL_ENABLE_DEBUG_INFO = NO;
				MTL_FAST_MATH = YES;
				SDKROOT = iphoneos;
				SWIFT_COMPILATION_MODE = wholemodule;
				SWIFT_OPTIMIZATION_LEVEL = "-O";
				VALIDATE_PRODUCT = YES;
			};
			name = Release;
		};
		4D95A0BD2281241B005CBB33 /* Debug */ = {
			isa = XCBuildConfiguration;
			buildSettings = {
				ASSETCATALOG_COMPILER_APPICON_NAME = AppIcon;
				CODE_SIGN_STYLE = Automatic;
				DEVELOPMENT_TEAM = JUZ27696NU;
				INFOPLIST_FILE = QuickAR/Info.plist;
				LD_RUNPATH_SEARCH_PATHS = (
					"$(inherited)",
					"@executable_path/Frameworks",
				);
				PRODUCT_BUNDLE_IDENTIFIER = com.laohanme.QuickAR;
				PRODUCT_NAME = "$(TARGET_NAME)";
				SWIFT_VERSION = 5.0;
				TARGETED_DEVICE_FAMILY = "1,2";
			};
			name = Debug;
		};
		4D95A0BE2281241B005CBB33 /* Release */ = {
			isa = XCBuildConfiguration;
			buildSettings = {
				ASSETCATALOG_COMPILER_APPICON_NAME = AppIcon;
				CODE_SIGN_STYLE = Automatic;
				DEVELOPMENT_TEAM = JUZ27696NU;
				INFOPLIST_FILE = QuickAR/Info.plist;
				LD_RUNPATH_SEARCH_PATHS = (
					"$(inherited)",
					"@executable_path/Frameworks",
				);
				PRODUCT_BUNDLE_IDENTIFIER = com.laohanme.QuickAR;
				PRODUCT_NAME = "$(TARGET_NAME)";
				SWIFT_VERSION = 5.0;
				TARGETED_DEVICE_FAMILY = "1,2";
			};
			name = Release;
		};
/* End XCBuildConfiguration section */

/* Begin XCConfigurationList section */
		4D95A0A222812419005CBB33 /* Build configuration list for PBXProject "QuickAR" */ = {
			isa = XCConfigurationList;
			buildConfigurations = (
				4D95A0BA2281241B005CBB33 /* Debug */,
				4D95A0BB2281241B005CBB33 /* Release */,
			);
			defaultConfigurationIsVisible = 0;
			defaultConfigurationName = Release;
		};
		4D95A0BC2281241B005CBB33 /* Build configuration list for PBXNativeTarget "QuickAR" */ = {
			isa = XCConfigurationList;
			buildConfigurations = (
				4D95A0BD2281241B005CBB33 /* Debug */,
				4D95A0BE2281241B005CBB33 /* Release */,
			);
			defaultConfigurationIsVisible = 0;
			defaultConfigurationName = Release;
		};
/* End XCConfigurationList section */

/* Begin XCVersionGroup section */
		4D95A0B122812419005CBB33 /* QuickAR.xcdatamodeld */ = {
			isa = XCVersionGroup;
			children = (
				4D95A0B222812419005CBB33 /* QuickAR.xcdatamodel */,
			);
			currentVersion = 4D95A0B222812419005CBB33 /* QuickAR.xcdatamodel */;
			path = QuickAR.xcdatamodeld;
			sourceTree = "<group>";
			versionGroupType = wrapper.xcdatamodel;
		};
/* End XCVersionGroup section */
	};
	rootObject = 4D95A09F22812419005CBB33 /* Project object */;
}
